
Microsoft Visual Studio Solution File, Format Version 12.00
# Visual Studio Version 17
VisualStudioVersion = 17.9.34622.214
MinimumVisualStudioVersion = 10.0.40219.1
Project("{FAE04EC0-301F-11D3-BF4B-00C04F79EFBC}") = "Flappy Bird Oyunu", "Flappy Bird Oyunu\Flappy Bird Oyunu.csproj", "{C3BFD9EF-BE2C-4E96-9B29-F79F3DA4C5D0}"
EndProject
Global
	GlobalSection(SolutionConfigurationPlatforms) = preSolution
		Debug|Any CPU = Debug|Any CPU
		Release|Any CPU = Release|Any CPU
	EndGlobalSection
	GlobalSection(ProjectConfigurationPlatforms) = postSolution
		{C3BFD9EF-BE2C-4E96-9B29-F79F3DA4C5D0}.Debug|Any CPU.ActiveCfg = Debug|Any CPU
		{C3BFD9EF-BE2C-4E96-9B29-F79F3DA4C5D0}.Debug|Any CPU.Build.0 = Debug|Any CPU
		{C3BFD9EF-BE2C-4E96-9B29-F79F3DA4C5D0}.Release|Any CPU.ActiveCfg = Release|Any CPU
		{C3BFD9EF-BE2C-4E96-9B29-F79F3DA4C5D0}.Release|Any CPU.Build.0 = Release|Any CPU
	EndGlobalSection
	GlobalSection(SolutionProperties) = preSolution
		HideSolutionNode = FALSE
	EndGlobalSection
	GlobalSection(ExtensibilityGlobals) = postSolution
		SolutionGuid = {C4582F79-D6EE-4B9C-8C15-B11911AC7A19}
	EndGlobalSection
EndGlobal
